
Microsoft Visual Studio Solution File, Format Version 12.00
# Visual Studio Version 17
VisualStudioVersion = 17.13.35913.81 d17.13
MinimumVisualStudioVersion = 10.0.40219.1
Project("{FAE04EC0-301F-11D3-BF4B-00C04F79EFBC}") = "filemeetod1", "filemeetod1.csproj", "{87004A7E-C9E0-4955-B71F-A5C222F866D7}"
EndProject
Global
	GlobalSection(SolutionConfigurationPlatforms) = preSolution
		Debug|Any CPU = Debug|Any CPU
		Release|Any CPU = Release|Any CPU
	EndGlobalSection
	GlobalSection(ProjectConfigurationPlatforms) = postSolution
		{87004A7E-C9E0-4955-B71F-A5C222F866D7}.Debug|Any CPU.ActiveCfg = Debug|Any CPU
		{87004A7E-C9E0-4955-B71F-A5C222F866D7}.Debug|Any CPU.Build.0 = Debug|Any CPU
		{87004A7E-C9E0-4955-B71F-A5C222F866D7}.Release|Any CPU.ActiveCfg = Release|Any CPU
		{87004A7E-C9E0-4955-B71F-A5C222F866D7}.Release|Any CPU.Build.0 = Release|Any CPU
	EndGlobalSection
	GlobalSection(SolutionProperties) = preSolution
		HideSolutionNode = FALSE
	EndGlobalSection
	GlobalSection(ExtensibilityGlobals) = postSolution
		SolutionGuid = {A386E3DC-079D-41E9-8EA8-1ED5BF6A4C8D}
	EndGlobalSection
EndGlobal
