
Microsoft Visual Studio Solution File, Format Version 12.00
# Visual Studio Version 17
VisualStudioVersion = 17.13.35913.81 d17.13
MinimumVisualStudioVersion = 10.0.40219.1
Project("{FAE04EC0-301F-11D3-BF4B-00C04F79EFBC}") = "Meetodid", "Meetodid.csproj", "{4D5CAE30-7E7C-4ECB-B08B-C7BE5A45FB38}"
EndProject
Global
	GlobalSection(SolutionConfigurationPlatforms) = preSolution
		Debug|Any CPU = Debug|Any CPU
		Release|Any CPU = Release|Any CPU
	EndGlobalSection
	GlobalSection(ProjectConfigurationPlatforms) = postSolution
		{4D5CAE30-7E7C-4ECB-B08B-C7BE5A45FB38}.Debug|Any CPU.ActiveCfg = Debug|Any CPU
		{4D5CAE30-7E7C-4ECB-B08B-C7BE5A45FB38}.Debug|Any CPU.Build.0 = Debug|Any CPU
		{4D5CAE30-7E7C-4ECB-B08B-C7BE5A45FB38}.Release|Any CPU.ActiveCfg = Release|Any CPU
		{4D5CAE30-7E7C-4ECB-B08B-C7BE5A45FB38}.Release|Any CPU.Build.0 = Release|Any CPU
	EndGlobalSection
	GlobalSection(SolutionProperties) = preSolution
		HideSolutionNode = FALSE
	EndGlobalSection
	GlobalSection(ExtensibilityGlobals) = postSolution
		SolutionGuid = {20C4FE9D-205C-48C0-AB81-667A9BD351C3}
	EndGlobalSection
EndGlobal
